PODS:
  - XXBLibs (1.0.0)

DEPENDENCIES:
  - XXBLibs (from `https://github.com/sixTiger/XXBLibs`)

EXTERNAL SOURCES:
  XXBLibs:
    :git: https://github.com/sixTiger/XXBLibs

CHECKOUT OPTIONS:
  XXBLibs:
    :commit: 6ace2333a6188d5141f9dda326a0ddc4d9e564b0
    :git: https://github.com/sixTiger/XXBLibs

SPEC CHECKSUMS:
  XXBLibs: 6f894394d94e7678f68b8432671d23bbf85bdc30

COCOAPODS: 0.39.0
